
Microsoft Visual Studio Solution File, Format Version 12.00
# Visual Studio Version 17
VisualStudioVersion = 17.14.36518.9 d17.14
MinimumVisualStudioVersion = 10.0.40219.1
Project("{FAE04EC0-301F-11D3-BF4B-00C04F79EFBC}") = "TaskClassLibrary", "TaskClassLibrary.csproj", "{D82C3E52-1B00-4A2E-9011-D85702E9020E}"
EndProject
Project("{FAE04EC0-301F-11D3-BF4B-00C04F79EFBC}") = "Model", "..\Model\Model.csproj", "{9964BEE9-2878-4F61-BB85-1E3A6E31A4DE}"
EndProject
Global
	GlobalSection(SolutionConfigurationPlatforms) = preSolution
		Debug|Any CPU = Debug|Any CPU
		Release|Any CPU = Release|Any CPU
	EndGlobalSection
	GlobalSection(ProjectConfigurationPlatforms) = postSolution
		{D82C3E52-1B00-4A2E-9011-D85702E9020E}.Debug|Any CPU.ActiveCfg = Debug|Any CPU
		{D82C3E52-1B00-4A2E-9011-D85702E9020E}.Debug|Any CPU.Build.0 = Debug|Any CPU
		{D82C3E52-1B00-4A2E-9011-D85702E9020E}.Release|Any CPU.ActiveCfg = Release|Any CPU
		{D82C3E52-1B00-4A2E-9011-D85702E9020E}.Release|Any CPU.Build.0 = Release|Any CPU
		{9964BEE9-2878-4F61-BB85-1E3A6E31A4DE}.Debug|Any CPU.ActiveCfg = Debug|Any CPU
		{9964BEE9-2878-4F61-BB85-1E3A6E31A4DE}.Debug|Any CPU.Build.0 = Debug|Any CPU
		{9964BEE9-2878-4F61-BB85-1E3A6E31A4DE}.Release|Any CPU.ActiveCfg = Release|Any CPU
		{9964BEE9-2878-4F61-BB85-1E3A6E31A4DE}.Release|Any CPU.Build.0 = Release|Any CPU
	EndGlobalSection
	GlobalSection(SolutionProperties) = preSolution
		HideSolutionNode = FALSE
	EndGlobalSection
	GlobalSection(ExtensibilityGlobals) = postSolution
		SolutionGuid = {5D9672C7-005C-4291-B4AE-6A86F2740D7F}
	EndGlobalSection
EndGlobal
